
Microsoft Visual Studio Solution File, Format Version 12.00
# Visual Studio Version 17
VisualStudioVersion = 17.9.34902.65
MinimumVisualStudioVersion = 10.0.40219.1
Project("{9A19103F-16F7-4668-BE54-9A1E7A4F7556}") = "Playground", "Playground\Playground.csproj", "{D6BEBEBD-2DA6-40FB-BD4C-3392CF938316}"
EndProject
Project("{9A19103F-16F7-4668-BE54-9A1E7A4F7556}") = "Playground.Server", "Playground.Server\Playground.Server.csproj", "{41E984D4-1C7C-418F-8B70-F6EA0DB41C0B}"
EndProject
Global
	GlobalSection(SolutionConfigurationPlatforms) = preSolution
		Debug|Any CPU = Debug|Any CPU
		Release|Any CPU = Release|Any CPU
	EndGlobalSection
	GlobalSection(ProjectConfigurationPlatforms) = postSolution
		{D6BEBEBD-2DA6-40FB-BD4C-3392CF938316}.Debug|Any CPU.ActiveCfg = Debug|Any CPU
		{D6BEBEBD-2DA6-40FB-BD4C-3392CF938316}.Debug|Any CPU.Build.0 = Debug|Any CPU
		{D6BEBEBD-2DA6-40FB-BD4C-3392CF938316}.Release|Any CPU.ActiveCfg = Release|Any CPU
		{D6BEBEBD-2DA6-40FB-BD4C-3392CF938316}.Release|Any CPU.Build.0 = Release|Any CPU
		{41E984D4-1C7C-418F-8B70-F6EA0DB41C0B}.Debug|Any CPU.ActiveCfg = Debug|Any CPU
		{41E984D4-1C7C-418F-8B70-F6EA0DB41C0B}.Debug|Any CPU.Build.0 = Debug|Any CPU
		{41E984D4-1C7C-418F-8B70-F6EA0DB41C0B}.Release|Any CPU.ActiveCfg = Release|Any CPU
		{41E984D4-1C7C-418F-8B70-F6EA0DB41C0B}.Release|Any CPU.Build.0 = Release|Any CPU
	EndGlobalSection
	GlobalSection(SolutionProperties) = preSolution
		HideSolutionNode = FALSE
	EndGlobalSection
	GlobalSection(ExtensibilityGlobals) = postSolution
		SolutionGuid = {E6B59DBF-312D-41BD-A2BC-355E12B88C66}
	EndGlobalSection
EndGlobal
